
Microsoft Visual Studio Solution File, Format Version 12.00
Project("{FAE04EC0-301F-11D3-BF4B-00C04F79EFBC}") = "CommonMi", "CommonMi\CommonMi.csproj", "{9885E289-1249-4293-845E-CC5C8837098F}"
EndProject
Project("{FAE04EC0-301F-11D3-BF4B-00C04F79EFBC}") = "UnitTests", "UnitTests\UnitTests.csproj", "{338B5E89-1B47-49BB-9BE2-CDC8244E5783}"
EndProject
Global
	GlobalSection(SolutionConfigurationPlatforms) = preSolution
		Debug|Any CPU = Debug|Any CPU
		Release|Any CPU = Release|Any CPU
	EndGlobalSection
	GlobalSection(ProjectConfigurationPlatforms) = postSolution
		{9885E289-1249-4293-845E-CC5C8837098F}.Debug|Any CPU.ActiveCfg = Debug|Any CPU
		{9885E289-1249-4293-845E-CC5C8837098F}.Debug|Any CPU.Build.0 = Debug|Any CPU
		{9885E289-1249-4293-845E-CC5C8837098F}.Release|Any CPU.ActiveCfg = Release|Any CPU
		{9885E289-1249-4293-845E-CC5C8837098F}.Release|Any CPU.Build.0 = Release|Any CPU
		{338B5E89-1B47-49BB-9BE2-CDC8244E5783}.Debug|Any CPU.ActiveCfg = Debug|Any CPU
		{338B5E89-1B47-49BB-9BE2-CDC8244E5783}.Debug|Any CPU.Build.0 = Debug|Any CPU
		{338B5E89-1B47-49BB-9BE2-CDC8244E5783}.Release|Any CPU.ActiveCfg = Release|Any CPU
		{338B5E89-1B47-49BB-9BE2-CDC8244E5783}.Release|Any CPU.Build.0 = Release|Any CPU
	EndGlobalSection
EndGlobal
